// !$*UTF8*$!
{
	archiveVersion = 1;
	classes = {
	};
	objectVersion = 56;
	objects = {

/* Begin PBXBuildFile section */
		332397752C0562E6003BCE84 /* MeditateViewController.swift in Sources */ = {isa = PBXBuildFile; fileRef = 332397742C0562E6003BCE84 /* MeditateViewController.swift */; };
		332397772C056304003BCE84 /* SettingsViewController.swift in Sources */ = {isa = PBXBuildFile; fileRef = 332397762C056304003BCE84 /* SettingsViewController.swift */; };
		3323977B2C05707E003BCE84 /* CountdownTimer.swift in Sources */ = {isa = PBXBuildFile; fileRef = 3323977A2C05707E003BCE84 /* CountdownTimer.swift */; };
		CD18C4C92C016CFA00FAB2DA /* AppDelegate.swift in Sources */ = {isa = PBXBuildFile; fileRef = CD18C4C82C016CFA00FAB2DA /* AppDelegate.swift */; };
		CD18C4CB2C016CFA00FAB2DA /* SceneDelegate.swift in Sources */ = {isa = PBXBuildFile; fileRef = CD18C4CA2C016CFA00FAB2DA /* SceneDelegate.swift */; };
		CD18C4CD2C016CFA00FAB2DA /* ViewController.swift in Sources */ = {isa = PBXBuildFile; fileRef = CD18C4CC2C016CFA00FAB2DA /* ViewController.swift */; };
		CD18C4D02C016CFA00FAB2DA /* Base in Resources */ = {isa = PBXBuildFile; fileRef = CD18C4CF2C016CFA00FAB2DA /* Base */; };
		CD18C4D22C016CFD00FAB2DA /* Assets.xcassets in Resources */ = {isa = PBXBuildFile; fileRef = CD18C4D12C016CFD00FAB2DA /* Assets.xcassets */; };
		CD18C4D52C016CFD00FAB2DA /* Base in Resources */ = {isa = PBXBuildFile; fileRef = CD18C4D42C016CFD00FAB2DA /* Base */; };
		CD18C4E02C016CFD00FAB2DA /* SerenityTests.swift in Sources */ = {isa = PBXBuildFile; fileRef = CD18C4DF2C016CFD00FAB2DA /* SerenityTests.swift */; };
		CD18C4EA2C016CFD00FAB2DA /* SerenityUITests.swift in Sources */ = {isa = PBXBuildFile; fileRef = CD18C4E92C016CFD00FAB2DA /* SerenityUITests.swift */; };
		CD18C4EC2C016CFD00FAB2DA /* SerenityUITestsLaunchTests.swift in Sources */ = {isa = PBXBuildFile; fileRef = CD18C4EB2C016CFD00FAB2DA /* SerenityUITestsLaunchTests.swift */; };
		CD18C4F92C02AD1700FAB2DA /* SignUpViewController.swift in Sources */ = {isa = PBXBuildFile; fileRef = CD18C4F82C02AD1700FAB2DA /* SignUpViewController.swift */; };
		DB1E321B2C07E9EA00D568FF /* CalendarViewController.swift in Sources */ = {isa = PBXBuildFile; fileRef = DB1E321A2C07E9EA00D568FF /* CalendarViewController.swift */; };
		DB1E321D2C07EA0300D568FF /* NotesViewController.swift in Sources */ = {isa = PBXBuildFile; fileRef = DB1E321C2C07EA0300D568FF /* NotesViewController.swift */; };
		DB1E321F2C07EA1900D568FF /* ChartViewController.swift in Sources */ = {isa = PBXBuildFile; fileRef = DB1E321E2C07EA1900D568FF /* ChartViewController.swift */; };
		E86265742C068D7A00375D05 /* NetworkManager.swift in Sources */ = {isa = PBXBuildFile; fileRef = E86265732C068D7A00375D05 /* NetworkManager.swift */; };
		E86265762C06933500375D05 /* APITestViewController.swift in Sources */ = {isa = PBXBuildFile; fileRef = E86265752C06933500375D05 /* APITestViewController.swift */; };
		E86265782C06935F00375D05 /* DataViewController.swift in Sources */ = {isa = PBXBuildFile; fileRef = E86265772C06935F00375D05 /* DataViewController.swift */; };
/* End PBXBuildFile section */

/* Begin PBXContainerItemProxy section */
		CD18C4DC2C016CFD00FAB2DA /* PBXContainerItemProxy */ = {
			isa = PBXContainerItemProxy;
			containerPortal = CD18C4BD2C016CFA00FAB2DA /* Project object */;
			proxyType = 1;
			remoteGlobalIDString = CD18C4C42C016CFA00FAB2DA;
			remoteInfo = Serenity;
		};
		CD18C4E62C016CFD00FAB2DA /* PBXContainerItemProxy */ = {
			isa = PBXContainerItemProxy;
			containerPortal = CD18C4BD2C016CFA00FAB2DA /* Project object */;
			proxyType = 1;
			remoteGlobalIDString = CD18C4C42C016CFA00FAB2DA;
			remoteInfo = Serenity;
		};
/* End PBXContainerItemProxy section */

/* Begin PBXFileReference section */
		332397742C0562E6003BCE84 /* MeditateViewController.swift */ = {isa = PBXFileReference; lastKnownFileType = sourcecode.swift; path = MeditateViewController.swift; sourceTree = "<group>"; };
		332397762C056304003BCE84 /* SettingsViewController.swift */ = {isa = PBXFileReference; lastKnownFileType = sourcecode.swift; path = SettingsViewController.swift; sourceTree = "<group>"; };
		3323977A2C05707E003BCE84 /* CountdownTimer.swift */ = {isa = PBXFileReference; lastKnownFileType = sourcecode.swift; path = CountdownTimer.swift; sourceTree = "<group>"; };
		CD18C4C52C016CFA00FAB2DA /* Serenity.app */ = {isa = PBXFileReference; explicitFileType = wrapper.application; includeInIndex = 0; path = Serenity.app; sourceTree = BUILT_PRODUCTS_DIR; };
		CD18C4C82C016CFA00FAB2DA /* AppDelegate.swift */ = {isa = PBXFileReference; lastKnownFileType = sourcecode.swift; path = AppDelegate.swift; sourceTree = "<group>"; };
		CD18C4CA2C016CFA00FAB2DA /* SceneDelegate.swift */ = {isa = PBXFileReference; lastKnownFileType = sourcecode.swift; path = SceneDelegate.swift; sourceTree = "<group>"; };
		CD18C4CC2C016CFA00FAB2DA /* ViewController.swift */ = {isa = PBXFileReference; lastKnownFileType = sourcecode.swift; path = ViewController.swift; sourceTree = "<group>"; };
		CD18C4CF2C016CFA00FAB2DA /* Base */ = {isa = PBXFileReference; lastKnownFileType = file.storyboard; name = Base; path = Base.lproj/Main.storyboard; sourceTree = "<group>"; };
		CD18C4D12C016CFD00FAB2DA /* Assets.xcassets */ = {isa = PBXFileReference; lastKnownFileType = folder.assetcatalog; path = Assets.xcassets; sourceTree = "<group>"; };
		CD18C4D42C016CFD00FAB2DA /* Base */ = {isa = PBXFileReference; lastKnownFileType = file.storyboard; name = Base; path = Base.lproj/LaunchScreen.storyboard; sourceTree = "<group>"; };
		CD18C4D62C016CFD00FAB2DA /* Info.plist */ = {isa = PBXFileReference; lastKnownFileType = text.plist.xml; path = Info.plist; sourceTree = "<group>"; };
		CD18C4DB2C016CFD00FAB2DA /* SerenityTests.xctest */ = {isa = PBXFileReference; explicitFileType = wrapper.cfbundle; includeInIndex = 0; path = SerenityTests.xctest; sourceTree = BUILT_PRODUCTS_DIR; };
		CD18C4DF2C016CFD00FAB2DA /* SerenityTests.swift */ = {isa = PBXFileReference; lastKnownFileType = sourcecode.swift; path = SerenityTests.swift; sourceTree = "<group>"; };
		CD18C4E52C016CFD00FAB2DA /* SerenityUITests.xctest */ = {isa = PBXFileReference; explicitFileType = wrapper.cfbundle; includeInIndex = 0; path = SerenityUITests.xctest; sourceTree = BUILT_PRODUCTS_DIR; };
		CD18C4E92C016CFD00FAB2DA /* SerenityUITests.swift */ = {isa = PBXFileReference; lastKnownFileType = sourcecode.swift; path = SerenityUITests.swift; sourceTree = "<group>"; };
		CD18C4EB2C016CFD00FAB2DA /* SerenityUITestsLaunchTests.swift */ = {isa = PBXFileReference; lastKnownFileType = sourcecode.swift; path = SerenityUITestsLaunchTests.swift; sourceTree = "<group>"; };
		CD18C4F82C02AD1700FAB2DA /* SignUpViewController.swift */ = {isa = PBXFileReference; lastKnownFileType = sourcecode.swift; path = SignUpViewController.swift; sourceTree = "<group>"; };
		DB1E321A2C07E9EA00D568FF /* CalendarViewController.swift */ = {isa = PBXFileReference; lastKnownFileType = sourcecode.swift; path = CalendarViewController.swift; sourceTree = "<group>"; };
		DB1E321C2C07EA0300D568FF /* NotesViewController.swift */ = {isa = PBXFileReference; lastKnownFileType = sourcecode.swift; path = NotesViewController.swift; sourceTree = "<group>"; };
		DB1E321E2C07EA1900D568FF /* ChartViewController.swift */ = {isa = PBXFileReference; lastKnownFileType = sourcecode.swift; path = ChartViewController.swift; sourceTree = "<group>"; };
		E86265732C068D7A00375D05 /* NetworkManager.swift */ = {isa = PBXFileReference; lastKnownFileType = sourcecode.swift; path = NetworkManager.swift; sourceTree = "<group>"; };
		E86265752C06933500375D05 /* APITestViewController.swift */ = {isa = PBXFileReference; lastKnownFileType = sourcecode.swift; path = APITestViewController.swift; sourceTree = "<group>"; };
		E86265772C06935F00375D05 /* DataViewController.swift */ = {isa = PBXFileReference; lastKnownFileType = sourcecode.swift; path = DataViewController.swift; sourceTree = "<group>"; };
/* End PBXFileReference section */

/* Begin PBXFrameworksBuildPhase section */
		CD18C4C22C016CFA00FAB2DA /* Frameworks */ = {
			isa = PBXFrameworksBuildPhase;
			buildActionMask = 2147483647;
			files = (
			);
			runOnlyForDeploymentPostprocessing = 0;
		};
		CD18C4D82C016CFD00FAB2DA /* Frameworks */ = {
			isa = PBXFrameworksBuildPhase;
			buildActionMask = 2147483647;
			files = (
			);
			runOnlyForDeploymentPostprocessing = 0;
		};
		CD18C4E22C016CFD00FAB2DA /* Frameworks */ = {
			isa = PBXFrameworksBuildPhase;
			buildActionMask = 2147483647;
			files = (
			);
			runOnlyForDeploymentPostprocessing = 0;
		};
/* End PBXFrameworksBuildPhase section */

/* Begin PBXGroup section */
		CD18C4BC2C016CFA00FAB2DA = {
			isa = PBXGroup;
			children = (
				CD18C4C72C016CFA00FAB2DA /* Serenity */,
				CD18C4DE2C016CFD00FAB2DA /* SerenityTests */,
				CD18C4E82C016CFD00FAB2DA /* SerenityUITests */,
				CD18C4C62C016CFA00FAB2DA /* Products */,
			);
			sourceTree = "<group>";
		};
		CD18C4C62C016CFA00FAB2DA /* Products */ = {
			isa = PBXGroup;
			children = (
				CD18C4C52C016CFA00FAB2DA /* Serenity.app */,
				CD18C4DB2C016CFD00FAB2DA /* SerenityTests.xctest */,
				CD18C4E52C016CFD00FAB2DA /* SerenityUITests.xctest */,
			);
			name = Products;
			sourceTree = "<group>";
		};
		CD18C4C72C016CFA00FAB2DA /* Serenity */ = {
			isa = PBXGroup;
			children = (
				CD18C4C82C016CFA00FAB2DA /* AppDelegate.swift */,
				CD18C4CA2C016CFA00FAB2DA /* SceneDelegate.swift */,
				CD18C4CC2C016CFA00FAB2DA /* ViewController.swift */,
				CD18C4F82C02AD1700FAB2DA /* SignUpViewController.swift */,
				332397742C0562E6003BCE84 /* MeditateViewController.swift */,
				3323977A2C05707E003BCE84 /* CountdownTimer.swift */,
				DB1E321A2C07E9EA00D568FF /* CalendarViewController.swift */,
				DB1E321C2C07EA0300D568FF /* NotesViewController.swift */,
				DB1E321E2C07EA1900D568FF /* ChartViewController.swift */,
				332397762C056304003BCE84 /* SettingsViewController.swift */,
				CD18C4CE2C016CFA00FAB2DA /* Main.storyboard */,
				CD18C4D12C016CFD00FAB2DA /* Assets.xcassets */,
				CD18C4D32C016CFD00FAB2DA /* LaunchScreen.storyboard */,
				CD18C4D62C016CFD00FAB2DA /* Info.plist */,
				E86265732C068D7A00375D05 /* NetworkManager.swift */,
				E86265752C06933500375D05 /* APITestViewController.swift */,
				E86265772C06935F00375D05 /* DataViewController.swift */,
			);
			path = Serenity;
			sourceTree = "<group>";
		};
		CD18C4DE2C016CFD00FAB2DA /* SerenityTests */ = {
			isa = PBXGroup;
			children = (
				CD18C4DF2C016CFD00FAB2DA /* SerenityTests.swift */,
			);
			path = SerenityTests;
			sourceTree = "<group>";
		};
		CD18C4E82C016CFD00FAB2DA /* SerenityUITests */ = {
			isa = PBXGroup;
			children = (
				CD18C4E92C016CFD00FAB2DA /* SerenityUITests.swift */,
				CD18C4EB2C016CFD00FAB2DA /* SerenityUITestsLaunchTests.swift */,
			);
			path = SerenityUITests;
			sourceTree = "<group>";
		};
/* End PBXGroup section */

/* Begin PBXNativeTarget section */
		CD18C4C42C016CFA00FAB2DA /* Serenity */ = {
			isa = PBXNativeTarget;
			buildConfigurationList = CD18C4EF2C016CFD00FAB2DA /* Build configuration list for PBXNativeTarget "Serenity" */;
			buildPhases = (
				CD18C4C12C016CFA00FAB2DA /* Sources */,
				CD18C4C22C016CFA00FAB2DA /* Frameworks */,
				CD18C4C32C016CFA00FAB2DA /* Resources */,
			);
			buildRules = (
			);
			dependencies = (
			);
			name = Serenity;
			productName = Serenity;
			productReference = CD18C4C52C016CFA00FAB2DA /* Serenity.app */;
			productType = "com.apple.product-type.application";
		};
		CD18C4DA2C016CFD00FAB2DA /* SerenityTests */ = {
			isa = PBXNativeTarget;
			buildConfigurationList = CD18C4F22C016CFD00FAB2DA /* Build configuration list for PBXNativeTarget "SerenityTests" */;
			buildPhases = (
				CD18C4D72C016CFD00FAB2DA /* Sources */,
				CD18C4D82C016CFD00FAB2DA /* Frameworks */,
				CD18C4D92C016CFD00FAB2DA /* Resources */,
			);
			buildRules = (
			);
			dependencies = (
				CD18C4DD2C016CFD00FAB2DA /* PBXTargetDependency */,
			);
			name = SerenityTests;
			productName = SerenityTests;
			productReference = CD18C4DB2C016CFD00FAB2DA /* SerenityTests.xctest */;
			productType = "com.apple.product-type.bundle.unit-test";
		};
		CD18C4E42C016CFD00FAB2DA /* SerenityUITests */ = {
			isa = PBXNativeTarget;
			buildConfigurationList = CD18C4F52C016CFD00FAB2DA /* Build configuration list for PBXNativeTarget "SerenityUITests" */;
			buildPhases = (
				CD18C4E12C016CFD00FAB2DA /* Sources */,
				CD18C4E22C016CFD00FAB2DA /* Frameworks */,
				CD18C4E32C016CFD00FAB2DA /* Resources */,
			);
			buildRules = (
			);
			dependencies = (
				CD18C4E72C016CFD00FAB2DA /* PBXTargetDependency */,
			);
			name = SerenityUITests;
			productName = SerenityUITests;
			productReference = CD18C4E52C016CFD00FAB2DA /* SerenityUITests.xctest */;
			productType = "com.apple.product-type.bundle.ui-testing";
		};
/* End PBXNativeTarget section */

/* Begin PBXProject section */
		CD18C4BD2C016CFA00FAB2DA /* Project object */ = {
			isa = PBXProject;
			attributes = {
				BuildIndependentTargetsInParallel = 1;
				LastSwiftUpdateCheck = 1540;
				LastUpgradeCheck = 1540;
				TargetAttributes = {
					CD18C4C42C016CFA00FAB2DA = {
						CreatedOnToolsVersion = 15.4;
					};
					CD18C4DA2C016CFD00FAB2DA = {
						CreatedOnToolsVersion = 15.4;
						TestTargetID = CD18C4C42C016CFA00FAB2DA;
					};
					CD18C4E42C016CFD00FAB2DA = {
						CreatedOnToolsVersion = 15.4;
						TestTargetID = CD18C4C42C016CFA00FAB2DA;
					};
				};
			};
			buildConfigurationList = CD18C4C02C016CFA00FAB2DA /* Build configuration list for PBXProject "Serenity" */;
			compatibilityVersion = "Xcode 14.0";
			developmentRegion = en;
			hasScannedForEncodings = 0;
			knownRegions = (
				en,
				Base,
			);
			mainGroup = CD18C4BC2C016CFA00FAB2DA;
			productRefGroup = CD18C4C62C016CFA00FAB2DA /* Products */;
			projectDirPath = "";
			projectRoot = "";
			targets = (
				CD18C4C42C016CFA00FAB2DA /* Serenity */,
				CD18C4DA2C016CFD00FAB2DA /* SerenityTests */,
				CD18C4E42C016CFD00FAB2DA /* SerenityUITests */,
			);
		};
/* End PBXProject section */

/* Begin PBXResourcesBuildPhase section */
		CD18C4C32C016CFA00FAB2DA /* Resources */ = {
			isa = PBXResourcesBuildPhase;
			buildActionMask = 2147483647;
			files = (
				CD18C4D22C016CFD00FAB2DA /* Assets.xcassets in Resources */,
				CD18C4D52C016CFD00FAB2DA /* Base in Resources */,
				CD18C4D02C016CFA00FAB2DA /* Base in Resources */,
			);
			runOnlyForDeploymentPostprocessing = 0;
		};
		CD18C4D92C016CFD00FAB2DA /* Resources */ = {
			isa = PBXResourcesBuildPhase;
			buildActionMask = 2147483647;
			files = (
			);
			runOnlyForDeploymentPostprocessing = 0;
		};
		CD18C4E32C016CFD00FAB2DA /* Resources */ = {
			isa = PBXResourcesBuildPhase;
			buildActionMask = 2147483647;
			files = (
			);
			runOnlyForDeploymentPostprocessing = 0;
		};
/* End PBXResourcesBuildPhase section */

/* Begin PBXSourcesBuildPhase section */
		CD18C4C12C016CFA00FAB2DA /* Sources */ = {
			isa = PBXSourcesBuildPhase;
			buildActionMask = 2147483647;
			files = (
				332397752C0562E6003BCE84 /* MeditateViewController.swift in Sources */,
				CD18C4CD2C016CFA00FAB2DA /* ViewController.swift in Sources */,
				E86265782C06935F00375D05 /* DataViewController.swift in Sources */,
				DB1E321B2C07E9EA00D568FF /* CalendarViewController.swift in Sources */,
				DB1E321F2C07EA1900D568FF /* ChartViewController.swift in Sources */,
				CD18C4C92C016CFA00FAB2DA /* AppDelegate.swift in Sources */,
				3323977B2C05707E003BCE84 /* CountdownTimer.swift in Sources */,
				E86265742C068D7A00375D05 /* NetworkManager.swift in Sources */,
				CD18C4F92C02AD1700FAB2DA /* SignUpViewController.swift in Sources */,
				DB1E321D2C07EA0300D568FF /* NotesViewController.swift in Sources */,
				E86265762C06933500375D05 /* APITestViewController.swift in Sources */,
				CD18C4CB2C016CFA00FAB2DA /* SceneDelegate.swift in Sources */,
				332397772C056304003BCE84 /* SettingsViewController.swift in Sources */,
			);
			runOnlyForDeploymentPostprocessing = 0;
		};
		CD18C4D72C016CFD00FAB2DA /* Sources */ = {
			isa = PBXSourcesBuildPhase;
			buildActionMask = 2147483647;
			files = (
				CD18C4E02C016CFD00FAB2DA /* SerenityTests.swift in Sources */,
			);
			runOnlyForDeploymentPostprocessing = 0;
		};
		CD18C4E12C016CFD00FAB2DA /* Sources */ = {
			isa = PBXSourcesBuildPhase;
			buildActionMask = 2147483647;
			files = (
				CD18C4EC2C016CFD00FAB2DA /* SerenityUITestsLaunchTests.swift in Sources */,
				CD18C4EA2C016CFD00FAB2DA /* SerenityUITests.swift in Sources */,
			);
			runOnlyForDeploymentPostprocessing = 0;
		};
/* End PBXSourcesBuildPhase section */

/* Begin PBXTargetDependency section */
		CD18C4DD2C016CFD00FAB2DA /* PBXTargetDependency */ = {
			isa = PBXTargetDependency;
			target = CD18C4C42C016CFA00FAB2DA /* Serenity */;
			targetProxy = CD18C4DC2C016CFD00FAB2DA /* PBXContainerItemProxy */;
		};
		CD18C4E72C016CFD00FAB2DA /* PBXTargetDependency */ = {
			isa = PBXTargetDependency;
			target = CD18C4C42C016CFA00FAB2DA /* Serenity */;
			targetProxy = CD18C4E62C016CFD00FAB2DA /* PBXContainerItemProxy */;
		};
/* End PBXTargetDependency section */

/* Begin PBXVariantGroup section */
		CD18C4CE2C016CFA00FAB2DA /* Main.storyboard */ = {
			isa = PBXVariantGroup;
			children = (
				CD18C4CF2C016CFA00FAB2DA /* Base */,
			);
			name = Main.storyboard;
			sourceTree = "<group>";
		};
		CD18C4D32C016CFD00FAB2DA /* LaunchScreen.storyboard */ = {
			isa = PBXVariantGroup;
			children = (
				CD18C4D42C016CFD00FAB2DA /* Base */,
			);
			name = LaunchScreen.storyboard;
			sourceTree = "<group>";
		};
/* End PBXVariantGroup section */

/* Begin XCBuildConfiguration section */
		CD18C4ED2C016CFD00FAB2DA /* Debug */ = {
			isa = XCBuildConfiguration;
			buildSettings = {
				ALWAYS_SEARCH_USER_PATHS = NO;
				ASSETCATALOG_COMPILER_GENERATE_SWIFT_ASSET_SYMBOL_EXTENSIONS = YES;
				CLANG_ANALYZER_NONNULL = YES;
				CLANG_ANALYZER_NUMBER_OBJECT_CONVERSION = YES_AGGRESSIVE;
				CLANG_CXX_LANGUAGE_STANDARD = "gnu++20";
				CLANG_ENABLE_MODULES = YES;
				CLANG_ENABLE_OBJC_ARC = YES;
				CLANG_ENABLE_OBJC_WEAK = YES;
				CLANG_WARN_BLOCK_CAPTURE_AUTORELEASING = YES;
				CLANG_WARN_BOOL_CONVERSION = YES;
				CLANG_WARN_COMMA = YES;
				CLANG_WARN_CONSTANT_CONVERSION = YES;
				CLANG_WARN_DEPRECATED_OBJC_IMPLEMENTATIONS = YES;
				CLANG_WARN_DIRECT_OBJC_ISA_USAGE = YES_ERROR;
				CLANG_WARN_DOCUMENTATION_COMMENTS = YES;
				CLANG_WARN_EMPTY_BODY = YES;
				CLANG_WARN_ENUM_CONVERSION = YES;
				CLANG_WARN_INFINITE_RECURSION = YES;
				CLANG_WARN_INT_CONVERSION = YES;
				CLANG_WARN_NON_LITERAL_NULL_CONVERSION = YES;
				CLANG_WARN_OBJC_IMPLICIT_RETAIN_SELF = YES;
				CLANG_WARN_OBJC_LITERAL_CONVERSION = YES;
				CLANG_WARN_OBJC_ROOT_CLASS = YES_ERROR;
				CLANG_WARN_QUOTED_INCLUDE_IN_FRAMEWORK_HEADER = YES;
				CLANG_WARN_RANGE_LOOP_ANALYSIS = YES;
				CLANG_WARN_STRICT_PROTOTYPES = YES;
				CLANG_WARN_SUSPICIOUS_MOVE = YES;
				CLANG_WARN_UNGUARDED_AVAILABILITY = YES_AGGRESSIVE;
				CLANG_WARN_UNREACHABLE_CODE = YES;
				CLANG_WARN__DUPLICATE_METHOD_MATCH = YES;
				COPY_PHASE_STRIP = NO;
				DEBUG_INFORMATION_FORMAT = dwarf;
				ENABLE_STRICT_OBJC_MSGSEND = YES;
				ENABLE_TESTABILITY = YES;
				ENABLE_USER_SCRIPT_SANDBOXING = YES;
				GCC_C_LANGUAGE_STANDARD = gnu17;
				GCC_DYNAMIC_NO_PIC = NO;
				GCC_NO_COMMON_BLOCKS = YES;
				GCC_OPTIMIZATION_LEVEL = 0;
				GCC_PREPROCESSOR_DEFINITIONS = (
					"DEBUG=1",
					"$(inherited)",
				);
				GCC_WARN_64_TO_32_BIT_CONVERSION = YES;
				GCC_WARN_ABOUT_RETURN_TYPE = YES_ERROR;
				GCC_WARN_UNDECLARED_SELECTOR = YES;
				GCC_WARN_UNINITIALIZED_AUTOS = YES_AGGRESSIVE;
				GCC_WARN_UNUSED_FUNCTION = YES;
				GCC_WARN_UNUSED_VARIABLE = YES;
				IPHONEOS_DEPLOYMENT_TARGET = 17.5;
				LOCALIZATION_PREFERS_STRING_CATALOGS = YES;
				MTL_ENABLE_DEBUG_INFO = INCLUDE_SOURCE;
				MTL_FAST_MATH = YES;
				ONLY_ACTIVE_ARCH = YES;
				SDKROOT = iphoneos;
				SWIFT_ACTIVE_COMPILATION_CONDITIONS = "DEBUG $(inherited)";
				SWIFT_OPTIMIZATION_LEVEL = "-Onone";
			};
			name = Debug;
		};
		CD18C4EE2C016CFD00FAB2DA /* Release */ = {
			isa = XCBuildConfiguration;
			buildSettings = {
				ALWAYS_SEARCH_USER_PATHS = NO;
				ASSETCATALOG_COMPILER_GENERATE_SWIFT_ASSET_SYMBOL_EXTENSIONS = YES;
				CLANG_ANALYZER_NONNULL = YES;
				CLANG_ANALYZER_NUMBER_OBJECT_CONVERSION = YES_AGGRESSIVE;
				CLANG_CXX_LANGUAGE_STANDARD = "gnu++20";
				CLANG_ENABLE_MODULES = YES;
				CLANG_ENABLE_OBJC_ARC = YES;
				CLANG_ENABLE_OBJC_WEAK = YES;
				CLANG_WARN_BLOCK_CAPTURE_AUTORELEASING = YES;
				CLANG_WARN_BOOL_CONVERSION = YES;
				CLANG_WARN_COMMA = YES;
				CLANG_WARN_CONSTANT_CONVERSION = YES;
				CLANG_WARN_DEPRECATED_OBJC_IMPLEMENTATIONS = YES;
				CLANG_WARN_DIRECT_OBJC_ISA_USAGE = YES_ERROR;
				CLANG_WARN_DOCUMENTATION_COMMENTS = YES;
				CLANG_WARN_EMPTY_BODY = YES;
				CLANG_WARN_ENUM_CONVERSION = YES;
				CLANG_WARN_INFINITE_RECURSION = YES;
				CLANG_WARN_INT_CONVERSION = YES;
				CLANG_WARN_NON_LITERAL_NULL_CONVERSION = YES;
				CLANG_WARN_OBJC_IMPLICIT_RETAIN_SELF = YES;
				CLANG_WARN_OBJC_LITERAL_CONVERSION = YES;
				CLANG_WARN_OBJC_ROOT_CLASS = YES_ERROR;
				CLANG_WARN_QUOTED_INCLUDE_IN_FRAMEWORK_HEADER = YES;
				CLANG_WARN_RANGE_LOOP_ANALYSIS = YES;
				CLANG_WARN_STRICT_PROTOTYPES = YES;
				CLANG_WARN_SUSPICIOUS_MOVE = YES;
				CLANG_WARN_UNGUARDED_AVAILABILITY = YES_AGGRESSIVE;
				CLANG_WARN_UNREACHABLE_CODE = YES;
				CLANG_WARN__DUPLICATE_METHOD_MATCH = YES;
				COPY_PHASE_STRIP = NO;
				DEBUG_INFORMATION_FORMAT = "dwarf-with-dsym";
				ENABLE_NS_ASSERTIONS = NO;
				ENABLE_STRICT_OBJC_MSGSEND = YES;
				ENABLE_USER_SCRIPT_SANDBOXING = YES;
				GCC_C_LANGUAGE_STANDARD = gnu17;
				GCC_NO_COMMON_BLOCKS = YES;
				GCC_WARN_64_TO_32_BIT_CONVERSION = YES;
				GCC_WARN_ABOUT_RETURN_TYPE = YES_ERROR;
				GCC_WARN_UNDECLARED_SELECTOR = YES;
				GCC_WARN_UNINITIALIZED_AUTOS = YES_AGGRESSIVE;
				GCC_WARN_UNUSED_FUNCTION = YES;
				GCC_WARN_UNUSED_VARIABLE = YES;
				IPHONEOS_DEPLOYMENT_TARGET = 17.5;
				LOCALIZATION_PREFERS_STRING_CATALOGS = YES;
				MTL_ENABLE_DEBUG_INFO = NO;
				MTL_FAST_MATH = YES;
				SDKROOT = iphoneos;
				SWIFT_COMPILATION_MODE = wholemodule;
				VALIDATE_PRODUCT = YES;
			};
			name = Release;
		};
		CD18C4F02C016CFD00FAB2DA /* Debug */ = {
			isa = XCBuildConfiguration;
			buildSettings = {
				ASSETCATALOG_COMPILER_APPICON_NAME = AppIcon;
				ASSETCATALOG_COMPILER_GLOBAL_ACCENT_COLOR_NAME = AccentColor;
				CODE_SIGN_STYLE = Automatic;
				CURRENT_PROJECT_VERSION = 1;
				DEVELOPMENT_TEAM = 4X23K5MC7P;
				GENERATE_INFOPLIST_FILE = YES;
				INFOPLIST_FILE = Serenity/Info.plist;
				INFOPLIST_KEY_CFBundleDisplayName = Serenity;
				INFOPLIST_KEY_UIApplicationSupportsIndirectInputEvents = YES;
				INFOPLIST_KEY_UILaunchStoryboardName = LaunchScreen;
				INFOPLIST_KEY_UIMainStoryboardFile = Main;
				INFOPLIST_KEY_UISupportedInterfaceOrientations_iPad = "UIInterfaceOrientationPortrait UIInterfaceOrientationPortraitUpsideDown UIInterfaceOrientationLandscapeLeft UIInterfaceOrientationLandscapeRight";
				INFOPLIST_KEY_UISupportedInterfaceOrientations_iPhone = "UIInterfaceOrientationPortrait UIInterfaceOrientationLandscapeLeft UIInterfaceOrientationLandscapeRight";
				LD_RUNPATH_SEARCH_PATHS = (
					"$(inherited)",
					"@executable_path/Frameworks",
				);
				MARKETING_VERSION = 1.0;
				PRODUCT_BUNDLE_IDENTIFIER = edu.uw.ischool.haeun.Serenity;
				PRODUCT_NAME = "$(TARGET_NAME)";
				SWIFT_EMIT_LOC_STRINGS = YES;
				SWIFT_VERSION = 5.0;
				TARGETED_DEVICE_FAMILY = "1,2";
			};
			name = Debug;
		};
		CD18C4F12C016CFD00FAB2DA /* Release */ = {
			isa = XCBuildConfiguration;
			buildSettings = {
				ASSETCATALOG_COMPILER_APPICON_NAME = AppIcon;
				ASSETCATALOG_COMPILER_GLOBAL_ACCENT_COLOR_NAME = AccentColor;
				CODE_SIGN_STYLE = Automatic;
				CURRENT_PROJECT_VERSION = 1;
				DEVELOPMENT_TEAM = 4X23K5MC7P;
				GENERATE_INFOPLIST_FILE = YES;
				INFOPLIST_FILE = Serenity/Info.plist;
				INFOPLIST_KEY_CFBundleDisplayName = Serenity;
				INFOPLIST_KEY_UIApplicationSupportsIndirectInputEvents = YES;
				INFOPLIST_KEY_UILaunchStoryboardName = LaunchScreen;
				INFOPLIST_KEY_UIMainStoryboardFile = Main;
				INFOPLIST_KEY_UISupportedInterfaceOrientations_iPad = "UIInterfaceOrientationPortrait UIInterfaceOrientationPortraitUpsideDown UIInterfaceOrientationLandscapeLeft UIInterfaceOrientationLandscapeRight";
				INFOPLIST_KEY_UISupportedInterfaceOrientations_iPhone = "UIInterfaceOrientationPortrait UIInterfaceOrientationLandscapeLeft UIInterfaceOrientationLandscapeRight";
				LD_RUNPATH_SEARCH_PATHS = (
					"$(inherited)",
					"@executable_path/Frameworks",
				);
				MARKETING_VERSION = 1.0;
				PRODUCT_BUNDLE_IDENTIFIER = edu.uw.ischool.haeun.Serenity;
				PRODUCT_NAME = "$(TARGET_NAME)";
				SWIFT_EMIT_LOC_STRINGS = YES;
				SWIFT_VERSION = 5.0;
				TARGETED_DEVICE_FAMILY = "1,2";
			};
			name = Release;
		};
		CD18C4F32C016CFD00FAB2DA /* Debug */ = {
			isa = XCBuildConfiguration;
			buildSettings = {
				ALWAYS_EMBED_SWIFT_STANDARD_LIBRARIES = YES;
				BUNDLE_LOADER = "$(TEST_HOST)";
				CODE_SIGN_STYLE = Automatic;
				CURRENT_PROJECT_VERSION = 1;
				DEVELOPMENT_TEAM = 4X23K5MC7P;
				GENERATE_INFOPLIST_FILE = YES;
				IPHONEOS_DEPLOYMENT_TARGET = 17.5;
				MARKETING_VERSION = 1.0;
				PRODUCT_BUNDLE_IDENTIFIER = edu.uw.ischool.haeun.SerenityTests;
				PRODUCT_NAME = "$(TARGET_NAME)";
				SWIFT_EMIT_LOC_STRINGS = NO;
				SWIFT_VERSION = 5.0;
				TARGETED_DEVICE_FAMILY = "1,2";
				TEST_HOST = "$(BUILT_PRODUCTS_DIR)/Serenity.app/$(BUNDLE_EXECUTABLE_FOLDER_PATH)/Serenity";
			};
			name = Debug;
		};
		CD18C4F42C016CFD00FAB2DA /* Release */ = {
			isa = XCBuildConfiguration;
			buildSettings = {
				ALWAYS_EMBED_SWIFT_STANDARD_LIBRARIES = YES;
				BUNDLE_LOADER = "$(TEST_HOST)";
				CODE_SIGN_STYLE = Automatic;
				CURRENT_PROJECT_VERSION = 1;
				DEVELOPMENT_TEAM = 4X23K5MC7P;
				GENERATE_INFOPLIST_FILE = YES;
				IPHONEOS_DEPLOYMENT_TARGET = 17.5;
				MARKETING_VERSION = 1.0;
				PRODUCT_BUNDLE_IDENTIFIER = edu.uw.ischool.haeun.SerenityTests;
				PRODUCT_NAME = "$(TARGET_NAME)";
				SWIFT_EMIT_LOC_STRINGS = NO;
				SWIFT_VERSION = 5.0;
				TARGETED_DEVICE_FAMILY = "1,2";
				TEST_HOST = "$(BUILT_PRODUCTS_DIR)/Serenity.app/$(BUNDLE_EXECUTABLE_FOLDER_PATH)/Serenity";
			};
			name = Release;
		};
		CD18C4F62C016CFD00FAB2DA /* Debug */ = {
			isa = XCBuildConfiguration;
			buildSettings = {
				ALWAYS_EMBED_SWIFT_STANDARD_LIBRARIES = YES;
				CODE_SIGN_STYLE = Automatic;
				CURRENT_PROJECT_VERSION = 1;
				DEVELOPMENT_TEAM = 4X23K5MC7P;
				GENERATE_INFOPLIST_FILE = YES;
				MARKETING_VERSION = 1.0;
				PRODUCT_BUNDLE_IDENTIFIER = edu.uw.ischool.haeun.SerenityUITests;
				PRODUCT_NAME = "$(TARGET_NAME)";
				SWIFT_EMIT_LOC_STRINGS = NO;
				SWIFT_VERSION = 5.0;
				TARGETED_DEVICE_FAMILY = "1,2";
				TEST_TARGET_NAME = Serenity;
			};
			name = Debug;
		};
		CD18C4F72C016CFD00FAB2DA /* Release */ = {
			isa = XCBuildConfiguration;
			buildSettings = {
				ALWAYS_EMBED_SWIFT_STANDARD_LIBRARIES = YES;
				CODE_SIGN_STYLE = Automatic;
				CURRENT_PROJECT_VERSION = 1;
				DEVELOPMENT_TEAM = 4X23K5MC7P;
				GENERATE_INFOPLIST_FILE = YES;
				MARKETING_VERSION = 1.0;
				PRODUCT_BUNDLE_IDENTIFIER = edu.uw.ischool.haeun.SerenityUITests;
				PRODUCT_NAME = "$(TARGET_NAME)";
				SWIFT_EMIT_LOC_STRINGS = NO;
				SWIFT_VERSION = 5.0;
				TARGETED_DEVICE_FAMILY = "1,2";
				TEST_TARGET_NAME = Serenity;
			};
			name = Release;
		};
/* End XCBuildConfiguration section */

/* Begin XCConfigurationList section */
		CD18C4C02C016CFA00FAB2DA /* Build configuration list for PBXProject "Serenity" */ = {
			isa = XCConfigurationList;
			buildConfigurations = (
				CD18C4ED2C016CFD00FAB2DA /* Debug */,
				CD18C4EE2C016CFD00FAB2DA /* Release */,
			);
			defaultConfigurationIsVisible = 0;
			defaultConfigurationName = Release;
		};
		CD18C4EF2C016CFD00FAB2DA /* Build configuration list for PBXNativeTarget "Serenity" */ = {
			isa = XCConfigurationList;
			buildConfigurations = (
				CD18C4F02C016CFD00FAB2DA /* Debug */,
				CD18C4F12C016CFD00FAB2DA /* Release */,
			);
			defaultConfigurationIsVisible = 0;
			defaultConfigurationName = Release;
		};
		CD18C4F22C016CFD00FAB2DA /* Build configuration list for PBXNativeTarget "SerenityTests" */ = {
			isa = XCConfigurationList;
			buildConfigurations = (
				CD18C4F32C016CFD00FAB2DA /* Debug */,
				CD18C4F42C016CFD00FAB2DA /* Release */,
			);
			defaultConfigurationIsVisible = 0;
			defaultConfigurationName = Release;
		};
		CD18C4F52C016CFD00FAB2DA /* Build configuration list for PBXNativeTarget "SerenityUITests" */ = {
			isa = XCConfigurationList;
			buildConfigurations = (
				CD18C4F62C016CFD00FAB2DA /* Debug */,
				CD18C4F72C016CFD00FAB2DA /* Release */,
			);
			defaultConfigurationIsVisible = 0;
			defaultConfigurationName = Release;
		};
/* End XCConfigurationList section */
	};
	rootObject = CD18C4BD2C016CFA00FAB2DA /* Project object */;
}
